
Microsoft Visual Studio Solution File, Format Version 12.00
# Visual Studio 15
VisualStudioVersion = 15.0.28307.572
MinimumVisualStudioVersion = 10.0.40219.1
Project("{9A19103F-16F7-4668-BE54-9A1E7A4F7556}") = "DataRetriever", "DataRetriver\DataRetriever.csproj", "{5890B3DC-9D77-4E21-AB23-5B86021B5501}"
EndProject
Project("{9A19103F-16F7-4668-BE54-9A1E7A4F7556}") = "DataRetriverDLL", "DataRetriverDLL\DataRetriverDLL.csproj", "{E4EC3AA9-2283-48F1-AB97-A1EEE51D2971}"
EndProject
Project("{9A19103F-16F7-4668-BE54-9A1E7A4F7556}") = "DataReceiver", "DateReceiver\DataReceiver.csproj", "{007B1FC8-305C-4DDE-8404-BB355BC17319}"
EndProject
Project("{9A19103F-16F7-4668-BE54-9A1E7A4F7556}") = "DataApi", "DataApi\DataApi.csproj", "{68E2AD7D-EBD1-4248-87D5-932005C8233F}"
EndProject
Project("{9A19103F-16F7-4668-BE54-9A1E7A4F7556}") = "DataApiDAL", "DataApiDAL\DataApiDAL.csproj", "{418ECC41-58FA-45D7-B16F-D4995BBE83B6}"
EndProject
Project("{9A19103F-16F7-4668-BE54-9A1E7A4F7556}") = "DataApiDLL", "DataApiDLL\DataApiDLL.csproj", "{34D9CA11-2443-4607-B564-4846C0C02106}"
EndProject
Global
	GlobalSection(SolutionConfigurationPlatforms) = preSolution
		Debug|Any CPU = Debug|Any CPU
		Release|Any CPU = Release|Any CPU
	EndGlobalSection
	GlobalSection(ProjectConfigurationPlatforms) = postSolution
		{5890B3DC-9D77-4E21-AB23-5B86021B5501}.Debug|Any CPU.ActiveCfg = Debug|Any CPU
		{5890B3DC-9D77-4E21-AB23-5B86021B5501}.Debug|Any CPU.Build.0 = Debug|Any CPU
		{5890B3DC-9D77-4E21-AB23-5B86021B5501}.Release|Any CPU.ActiveCfg = Release|Any CPU
		{5890B3DC-9D77-4E21-AB23-5B86021B5501}.Release|Any CPU.Build.0 = Release|Any CPU
		{E4EC3AA9-2283-48F1-AB97-A1EEE51D2971}.Debug|Any CPU.ActiveCfg = Debug|Any CPU
		{E4EC3AA9-2283-48F1-AB97-A1EEE51D2971}.Debug|Any CPU.Build.0 = Debug|Any CPU
		{E4EC3AA9-2283-48F1-AB97-A1EEE51D2971}.Release|Any CPU.ActiveCfg = Release|Any CPU
		{E4EC3AA9-2283-48F1-AB97-A1EEE51D2971}.Release|Any CPU.Build.0 = Release|Any CPU
		{007B1FC8-305C-4DDE-8404-BB355BC17319}.Debug|Any CPU.ActiveCfg = Debug|Any CPU
		{007B1FC8-305C-4DDE-8404-BB355BC17319}.Debug|Any CPU.Build.0 = Debug|Any CPU
		{007B1FC8-305C-4DDE-8404-BB355BC17319}.Release|Any CPU.ActiveCfg = Release|Any CPU
		{007B1FC8-305C-4DDE-8404-BB355BC17319}.Release|Any CPU.Build.0 = Release|Any CPU
		{68E2AD7D-EBD1-4248-87D5-932005C8233F}.Debug|Any CPU.ActiveCfg = Debug|Any CPU
		{68E2AD7D-EBD1-4248-87D5-932005C8233F}.Debug|Any CPU.Build.0 = Debug|Any CPU
		{68E2AD7D-EBD1-4248-87D5-932005C8233F}.Release|Any CPU.ActiveCfg = Release|Any CPU
		{68E2AD7D-EBD1-4248-87D5-932005C8233F}.Release|Any CPU.Build.0 = Release|Any CPU
		{418ECC41-58FA-45D7-B16F-D4995BBE83B6}.Debug|Any CPU.ActiveCfg = Debug|Any CPU
		{418ECC41-58FA-45D7-B16F-D4995BBE83B6}.Debug|Any CPU.Build.0 = Debug|Any CPU
		{418ECC41-58FA-45D7-B16F-D4995BBE83B6}.Release|Any CPU.ActiveCfg = Release|Any CPU
		{418ECC41-58FA-45D7-B16F-D4995BBE83B6}.Release|Any CPU.Build.0 = Release|Any CPU
		{34D9CA11-2443-4607-B564-4846C0C02106}.Debug|Any CPU.ActiveCfg = Debug|Any CPU
		{34D9CA11-2443-4607-B564-4846C0C02106}.Debug|Any CPU.Build.0 = Debug|Any CPU
		{34D9CA11-2443-4607-B564-4846C0C02106}.Release|Any CPU.ActiveCfg = Release|Any CPU
		{34D9CA11-2443-4607-B564-4846C0C02106}.Release|Any CPU.Build.0 = Release|Any CPU
	EndGlobalSection
	GlobalSection(SolutionProperties) = preSolution
		HideSolutionNode = FALSE
	EndGlobalSection
	GlobalSection(ExtensibilityGlobals) = postSolution
		SolutionGuid = {50D12DC0-BAAD-4312-800F-17141AC07B71}
	EndGlobalSection
EndGlobal
